Microsoft Visual Studio Solution File, Format Version 12.00
# Visual Studio 2012
Project("{FAE04EC0-301F-11D3-BF4B-00C04F79EFBC}") = "Pong", "Pong.csproj", "{4F6C082E-3A8D-477F-B420-8B5FC5F54401}"
EndProject
Global
	GlobalSection(SolutionConfigurationPlatforms) = preSolution
	Debug|Any CPU = Debug|Any CPU
	ExportDebug|Any CPU = ExportDebug|Any CPU
	ExportRelease|Any CPU = ExportRelease|Any CPU
	EndGlobalSection
	GlobalSection(ProjectConfigurationPlatforms) = postSolution
		{4F6C082E-3A8D-477F-B420-8B5FC5F54401}.Debug|Any CPU.ActiveCfg = Debug|Any CPU
		{4F6C082E-3A8D-477F-B420-8B5FC5F54401}.Debug|Any CPU.Build.0 = Debug|Any CPU
		{4F6C082E-3A8D-477F-B420-8B5FC5F54401}.ExportDebug|Any CPU.ActiveCfg = ExportDebug|Any CPU
		{4F6C082E-3A8D-477F-B420-8B5FC5F54401}.ExportDebug|Any CPU.Build.0 = ExportDebug|Any CPU
		{4F6C082E-3A8D-477F-B420-8B5FC5F54401}.ExportRelease|Any CPU.ActiveCfg = ExportRelease|Any CPU
		{4F6C082E-3A8D-477F-B420-8B5FC5F54401}.ExportRelease|Any CPU.Build.0 = ExportRelease|Any CPU
	EndGlobalSection
EndGlobal
